
Microsoft Visual Studio Solution File, Format Version 12.00
# Visual Studio Version 17
VisualStudioVersion = 17.9.34728.123
MinimumVisualStudioVersion = 10.0.40219.1
Project("{FAE04EC0-301F-11D3-BF4B-00C04F79EFBC}") = "Creación de estructura de clases según el diseño", "Creación de estructura de clases según el diseño\Creación de estructura de clases según el diseño.csproj", "{B2E2687E-29B1-4A06-AB37-6C4CA3D03B8C}"
EndProject
Global
	GlobalSection(SolutionConfigurationPlatforms) = preSolution
		Debug|Any CPU = Debug|Any CPU
		Release|Any CPU = Release|Any CPU
	EndGlobalSection
	GlobalSection(ProjectConfigurationPlatforms) = postSolution
		{B2E2687E-29B1-4A06-AB37-6C4CA3D03B8C}.Debug|Any CPU.ActiveCfg = Debug|Any CPU
		{B2E2687E-29B1-4A06-AB37-6C4CA3D03B8C}.Debug|Any CPU.Build.0 = Debug|Any CPU
		{B2E2687E-29B1-4A06-AB37-6C4CA3D03B8C}.Release|Any CPU.ActiveCfg = Release|Any CPU
		{B2E2687E-29B1-4A06-AB37-6C4CA3D03B8C}.Release|Any CPU.Build.0 = Release|Any CPU
	EndGlobalSection
	GlobalSection(SolutionProperties) = preSolution
		HideSolutionNode = FALSE
	EndGlobalSection
	GlobalSection(ExtensibilityGlobals) = postSolution
		SolutionGuid = {B71230A4-2049-45B7-A59D-5B2B9281F1BC}
	EndGlobalSection
EndGlobal
